PODS:
  - TestPod (0.0.1)
  - ToyBrick (0.0.1)

DEPENDENCIES:
  - TestPod (from `./TestPod`)
  - ToyBrick (from `../`)

EXTERNAL SOURCES:
  TestPod:
    :path: "./TestPod"
  ToyBrick:
    :path: "../"

SPEC CHECKSUMS:
  TestPod: a0b737bf84834799b5f685edd4641001179b11c6
  ToyBrick: cf5a4bb5fa91ca17035cac8a9db4b1fd65170003

PODFILE CHECKSUM: 4429b69e7440c5759cbb643f8653b2d4208493e8

COCOAPODS: 1.6.1
